// !$*UTF8*$!
{
	archiveVersion = 1;
	classes = {
	};
	objectVersion = 55;
	objects = {

/* Begin PBXBuildFile section */
		531C5A8328315F5800CBA285 /* CircleImage.swift in Sources */ = {isa = PBXBuildFile; fileRef = 531C5A8228315F5800CBA285 /* CircleImage.swift */; };
		531C5A852831611800CBA285 /* MapView.swift in Sources */ = {isa = PBXBuildFile; fileRef = 531C5A842831611800CBA285 /* MapView.swift */; };
		531C5A87283167DE00CBA285 /* landmarkData.json in Resources */ = {isa = PBXBuildFile; fileRef = 531C5A86283167DE00CBA285 /* landmarkData.json */; };
		531C5A892831681400CBA285 /* Landmark.swift in Sources */ = {isa = PBXBuildFile; fileRef = 531C5A882831681400CBA285 /* Landmark.swift */; };
		531C5A8B28316AC200CBA285 /* ModelData.swift in Sources */ = {isa = PBXBuildFile; fileRef = 531C5A8A28316AC200CBA285 /* ModelData.swift */; };
		531C5A9028316E2200CBA285 /* LandmarkRow.swift in Sources */ = {isa = PBXBuildFile; fileRef = 531C5A8F28316E2200CBA285 /* LandmarkRow.swift */; };
		531C5A942831701B00CBA285 /* LandmarkList.swift in Sources */ = {isa = PBXBuildFile; fileRef = 531C5A932831701B00CBA285 /* LandmarkList.swift */; };
		531C5A96283171C200CBA285 /* LandmarkDetail.swift in Sources */ = {isa = PBXBuildFile; fileRef = 531C5A95283171C200CBA285 /* LandmarkDetail.swift */; };
		532867D4283313DF00812D4E /* hikeData.json in Resources */ = {isa = PBXBuildFile; fileRef = 532867D3283313DF00812D4E /* hikeData.json */; };
		532867D62833141200812D4E /* Hike.swift in Sources */ = {isa = PBXBuildFile; fileRef = 532867D52833141200812D4E /* Hike.swift */; };
		532867DC283314E300812D4E /* GraphCapsule.swift in Sources */ = {isa = PBXBuildFile; fileRef = 532867D8283314E300812D4E /* GraphCapsule.swift */; };
		532867DD283314E300812D4E /* HikeGraph.swift in Sources */ = {isa = PBXBuildFile; fileRef = 532867D9283314E300812D4E /* HikeGraph.swift */; };
		532867DE283314E300812D4E /* HikeDetail.swift in Sources */ = {isa = PBXBuildFile; fileRef = 532867DA283314E300812D4E /* HikeDetail.swift */; };
		532867DF283314E300812D4E /* HikeView.swift in Sources */ = {isa = PBXBuildFile; fileRef = 532867DB283314E300812D4E /* HikeView.swift */; };
		532867E128331A5600812D4E /* CategoryHome.swift in Sources */ = {isa = PBXBuildFile; fileRef = 532867E028331A5600812D4E /* CategoryHome.swift */; };
		532867E428331C4700812D4E /* CategoryRow.swift in Sources */ = {isa = PBXBuildFile; fileRef = 532867E328331C4700812D4E /* CategoryRow.swift */; };
		532867E628331DE200812D4E /* CategoryItem.swift in Sources */ = {isa = PBXBuildFile; fileRef = 532867E528331DE200812D4E /* CategoryItem.swift */; };
		532867E828346A0500812D4E /* Profile.swift in Sources */ = {isa = PBXBuildFile; fileRef = 532867E728346A0500812D4E /* Profile.swift */; };
		532867EA28346A9A00812D4E /* ProfileHost.swift in Sources */ = {isa = PBXBuildFile; fileRef = 532867E928346A9900812D4E /* ProfileHost.swift */; };
		532867ED28346B1C00812D4E /* ProfileSummary.swift in Sources */ = {isa = PBXBuildFile; fileRef = 532867EC28346B1C00812D4E /* ProfileSummary.swift */; };
		532867F428346D5F00812D4E /* RotatedBadgeSymbol.swift in Sources */ = {isa = PBXBuildFile; fileRef = 532867EF28346D5F00812D4E /* RotatedBadgeSymbol.swift */; };
		532867F528346D5F00812D4E /* HexagonParameters.swift in Sources */ = {isa = PBXBuildFile; fileRef = 532867F028346D5F00812D4E /* HexagonParameters.swift */; };
		532867F628346D5F00812D4E /* BadgeSymbol.swift in Sources */ = {isa = PBXBuildFile; fileRef = 532867F128346D5F00812D4E /* BadgeSymbol.swift */; };
		532867F728346D5F00812D4E /* BadgeBackground.swift in Sources */ = {isa = PBXBuildFile; fileRef = 532867F228346D5F00812D4E /* BadgeBackground.swift */; };
		532867F828346D5F00812D4E /* Badge.swift in Sources */ = {isa = PBXBuildFile; fileRef = 532867F328346D5F00812D4E /* Badge.swift */; };
		532867FA28346D9600812D4E /* HikeBadge.swift in Sources */ = {isa = PBXBuildFile; fileRef = 532867F928346D9600812D4E /* HikeBadge.swift */; };
		53D71FCC2831480C00C0ACE9 /* LandmarksApp.swift in Sources */ = {isa = PBXBuildFile; fileRef = 53D71FCB2831480C00C0ACE9 /* LandmarksApp.swift */; };
		53D71FCE2831480C00C0ACE9 /* ContentView.swift in Sources */ = {isa = PBXBuildFile; fileRef = 53D71FCD2831480C00C0ACE9 /* ContentView.swift */; };
		53D71FD02831481000C0ACE9 /* Assets.xcassets in Resources */ = {isa = PBXBuildFile; fileRef = 53D71FCF2831481000C0ACE9 /* Assets.xcassets */; };
		53D71FD32831481000C0ACE9 /* Preview Assets.xcassets in Resources */ = {isa = PBXBuildFile; fileRef = 53D71FD22831481000C0ACE9 /* Preview Assets.xcassets */; };
		53DDEA5F28319A2F001084A5 /* FavoriteButton.swift in Sources */ = {isa = PBXBuildFile; fileRef = 53DDEA5E28319A2F001084A5 /* FavoriteButton.swift */; };
/* End PBXBuildFile section */

/* Begin PBXFileReference section */
		531C5A8228315F5800CBA285 /* CircleImage.swift */ = {isa = PBXFileReference; lastKnownFileType = sourcecode.swift; path = CircleImage.swift; sourceTree = "<group>"; };
		531C5A842831611800CBA285 /* MapView.swift */ = {isa = PBXFileReference; lastKnownFileType = sourcecode.swift; path = MapView.swift; sourceTree = "<group>"; };
		531C5A86283167DE00CBA285 /* landmarkData.json */ = {isa = PBXFileReference; fileEncoding = 4; lastKnownFileType = text.json; path = landmarkData.json; sourceTree = "<group>"; };
		531C5A882831681400CBA285 /* Landmark.swift */ = {isa = PBXFileReference; lastKnownFileType = sourcecode.swift; path = Landmark.swift; sourceTree = "<group>"; };
		531C5A8A28316AC200CBA285 /* ModelData.swift */ = {isa = PBXFileReference; lastKnownFileType = sourcecode.swift; path = ModelData.swift; sourceTree = "<group>"; };
		531C5A8F28316E2200CBA285 /* LandmarkRow.swift */ = {isa = PBXFileReference; lastKnownFileType = sourcecode.swift; path = LandmarkRow.swift; sourceTree = "<group>"; };
		531C5A932831701B00CBA285 /* LandmarkList.swift */ = {isa = PBXFileReference; lastKnownFileType = sourcecode.swift; path = LandmarkList.swift; sourceTree = "<group>"; };
		531C5A95283171C200CBA285 /* LandmarkDetail.swift */ = {isa = PBXFileReference; lastKnownFileType = sourcecode.swift; path = LandmarkDetail.swift; sourceTree = "<group>"; };
		532867D3283313DF00812D4E /* hikeData.json */ = {isa = PBXFileReference; fileEncoding = 4; lastKnownFileType = text.json; path = hikeData.json; sourceTree = "<group>"; };
		532867D52833141200812D4E /* Hike.swift */ = {isa = PBXFileReference; lastKnownFileType = sourcecode.swift; path = Hike.swift; sourceTree = "<group>"; };
		532867D8283314E300812D4E /* GraphCapsule.swift */ = {isa = PBXFileReference; fileEncoding = 4; lastKnownFileType = sourcecode.swift; path = GraphCapsule.swift; sourceTree = "<group>"; };
		532867D9283314E300812D4E /* HikeGraph.swift */ = {isa = PBXFileReference; fileEncoding = 4; lastKnownFileType = sourcecode.swift; path = HikeGraph.swift; sourceTree = "<group>"; };
		532867DA283314E300812D4E /* HikeDetail.swift */ = {isa = PBXFileReference; fileEncoding = 4; lastKnownFileType = sourcecode.swift; path = HikeDetail.swift; sourceTree = "<group>"; };
		532867DB283314E300812D4E /* HikeView.swift */ = {isa = PBXFileReference; fileEncoding = 4; lastKnownFileType = sourcecode.swift; path = HikeView.swift; sourceTree = "<group>"; };
		532867E028331A5600812D4E /* CategoryHome.swift */ = {isa = PBXFileReference; lastKnownFileType = sourcecode.swift; path = CategoryHome.swift; sourceTree = "<group>"; };
		532867E328331C4700812D4E /* CategoryRow.swift */ = {isa = PBXFileReference; lastKnownFileType = sourcecode.swift; path = CategoryRow.swift; sourceTree = "<group>"; };
		532867E528331DE200812D4E /* CategoryItem.swift */ = {isa = PBXFileReference; lastKnownFileType = sourcecode.swift; path = CategoryItem.swift; sourceTree = "<group>"; };
		532867E728346A0500812D4E /* Profile.swift */ = {isa = PBXFileReference; lastKnownFileType = sourcecode.swift; path = Profile.swift; sourceTree = "<group>"; };
		532867E928346A9900812D4E /* ProfileHost.swift */ = {isa = PBXFileReference; lastKnownFileType = sourcecode.swift; path = ProfileHost.swift; sourceTree = "<group>"; };
		532867EC28346B1C00812D4E /* ProfileSummary.swift */ = {isa = PBXFileReference; lastKnownFileType = sourcecode.swift; path = ProfileSummary.swift; sourceTree = "<group>"; };
		532867EF28346D5F00812D4E /* RotatedBadgeSymbol.swift */ = {isa = PBXFileReference; fileEncoding = 4; lastKnownFileType = sourcecode.swift; path = RotatedBadgeSymbol.swift; sourceTree = "<group>"; };
		532867F028346D5F00812D4E /* HexagonParameters.swift */ = {isa = PBXFileReference; fileEncoding = 4; lastKnownFileType = sourcecode.swift; path = HexagonParameters.swift; sourceTree = "<group>"; };
		532867F128346D5F00812D4E /* BadgeSymbol.swift */ = {isa = PBXFileReference; fileEncoding = 4; lastKnownFileType = sourcecode.swift; path = BadgeSymbol.swift; sourceTree = "<group>"; };
		532867F228346D5F00812D4E /* BadgeBackground.swift */ = {isa = PBXFileReference; fileEncoding = 4; lastKnownFileType = sourcecode.swift; path = BadgeBackground.swift; sourceTree = "<group>"; };
		532867F328346D5F00812D4E /* Badge.swift */ = {isa = PBXFileReference; fileEncoding = 4; lastKnownFileType = sourcecode.swift; path = Badge.swift; sourceTree = "<group>"; };
		532867F928346D9600812D4E /* HikeBadge.swift */ = {isa = PBXFileReference; lastKnownFileType = sourcecode.swift; path = HikeBadge.swift; sourceTree = "<group>"; };
		53D71FC82831480C00C0ACE9 /* Landmarks.app */ = {isa = PBXFileReference; explicitFileType = wrapper.application; includeInIndex = 0; path = Landmarks.app; sourceTree = BUILT_PRODUCTS_DIR; };
		53D71FCB2831480C00C0ACE9 /* LandmarksApp.swift */ = {isa = PBXFileReference; lastKnownFileType = sourcecode.swift; path = LandmarksApp.swift; sourceTree = "<group>"; };
		53D71FCD2831480C00C0ACE9 /* ContentView.swift */ = {isa = PBXFileReference; lastKnownFileType = sourcecode.swift; path = ContentView.swift; sourceTree = "<group>"; };
		53D71FCF2831481000C0ACE9 /* Assets.xcassets */ = {isa = PBXFileReference; lastKnownFileType = folder.assetcatalog; path = Assets.xcassets; sourceTree = "<group>"; };
		53D71FD22831481000C0ACE9 /* Preview Assets.xcassets */ = {isa = PBXFileReference; lastKnownFileType = folder.assetcatalog; path = "Preview Assets.xcassets"; sourceTree = "<group>"; };
		53DDEA5E28319A2F001084A5 /* FavoriteButton.swift */ = {isa = PBXFileReference; lastKnownFileType = sourcecode.swift; path = FavoriteButton.swift; sourceTree = "<group>"; };
/* End PBXFileReference section */

/* Begin PBXFrameworksBuildPhase section */
		53D71FC52831480C00C0ACE9 /* Frameworks */ = {
			isa = PBXFrameworksBuildPhase;
			buildActionMask = 2147483647;
			files = (
			);
			runOnlyForDeploymentPostprocessing = 0;
		};
/* End PBXFrameworksBuildPhase section */

/* Begin PBXGroup section */
		531C5A8C28316BBB00CBA285 /* Views */ = {
			isa = PBXGroup;
			children = (
				532867EE28346D5F00812D4E /* Badges */,
				53D71FCD2831480C00C0ACE9 /* ContentView.swift */,
				532867D7283314E300812D4E /* Hikes */,
				53DDEA6128319B60001084A5 /* Helpers */,
				53DDEA6028319B4A001084A5 /* Landmarks */,
				532867E228331A5B00812D4E /* Categories */,
				532867EB28346AA000812D4E /* Profiles */,
			);
			path = Views;
			sourceTree = "<group>";
		};
		531C5A8D28316BC900CBA285 /* Models */ = {
			isa = PBXGroup;
			children = (
				531C5A882831681400CBA285 /* Landmark.swift */,
				531C5A8A28316AC200CBA285 /* ModelData.swift */,
				532867D52833141200812D4E /* Hike.swift */,
				532867E728346A0500812D4E /* Profile.swift */,
			);
			path = Models;
			sourceTree = "<group>";
		};
		531C5A8E28316BDC00CBA285 /* Resources */ = {
			isa = PBXGroup;
			children = (
				532867D3283313DF00812D4E /* hikeData.json */,
				531C5A86283167DE00CBA285 /* landmarkData.json */,
			);
			path = Resources;
			sourceTree = "<group>";
		};
		532867D7283314E300812D4E /* Hikes */ = {
			isa = PBXGroup;
			children = (
				532867D8283314E300812D4E /* GraphCapsule.swift */,
				532867D9283314E300812D4E /* HikeGraph.swift */,
				532867DA283314E300812D4E /* HikeDetail.swift */,
				532867DB283314E300812D4E /* HikeView.swift */,
				532867F928346D9600812D4E /* HikeBadge.swift */,
			);
			path = Hikes;
			sourceTree = "<group>";
		};
		532867E228331A5B00812D4E /* Categories */ = {
			isa = PBXGroup;
			children = (
				532867E028331A5600812D4E /* CategoryHome.swift */,
				532867E328331C4700812D4E /* CategoryRow.swift */,
				532867E528331DE200812D4E /* CategoryItem.swift */,
			);
			path = Categories;
			sourceTree = "<group>";
		};
		532867EB28346AA000812D4E /* Profiles */ = {
			isa = PBXGroup;
			children = (
				532867E928346A9900812D4E /* ProfileHost.swift */,
				532867EC28346B1C00812D4E /* ProfileSummary.swift */,
			);
			path = Profiles;
			sourceTree = "<group>";
		};
		532867EE28346D5F00812D4E /* Badges */ = {
			isa = PBXGroup;
			children = (
				532867EF28346D5F00812D4E /* RotatedBadgeSymbol.swift */,
				532867F028346D5F00812D4E /* HexagonParameters.swift */,
				532867F128346D5F00812D4E /* BadgeSymbol.swift */,
				532867F228346D5F00812D4E /* BadgeBackground.swift */,
				532867F328346D5F00812D4E /* Badge.swift */,
			);
			path = Badges;
			sourceTree = "<group>";
		};
		53D71FBF2831480C00C0ACE9 = {
			isa = PBXGroup;
			children = (
				53D71FCA2831480C00C0ACE9 /* Landmarks */,
				53D71FC92831480C00C0ACE9 /* Products */,
			);
			sourceTree = "<group>";
		};
		53D71FC92831480C00C0ACE9 /* Products */ = {
			isa = PBXGroup;
			children = (
				53D71FC82831480C00C0ACE9 /* Landmarks.app */,
			);
			name = Products;
			sourceTree = "<group>";
		};
		53D71FCA2831480C00C0ACE9 /* Landmarks */ = {
			isa = PBXGroup;
			children = (
				53D71FCB2831480C00C0ACE9 /* LandmarksApp.swift */,
				531C5A8C28316BBB00CBA285 /* Views */,
				531C5A8D28316BC900CBA285 /* Models */,
				531C5A8E28316BDC00CBA285 /* Resources */,
				53D71FCF2831481000C0ACE9 /* Assets.xcassets */,
				53D71FD12831481000C0ACE9 /* Preview Content */,
			);
			path = Landmarks;
			sourceTree = "<group>";
		};
		53D71FD12831481000C0ACE9 /* Preview Content */ = {
			isa = PBXGroup;
			children = (
				53D71FD22831481000C0ACE9 /* Preview Assets.xcassets */,
			);
			path = "Preview Content";
			sourceTree = "<group>";
		};
		53DDEA6028319B4A001084A5 /* Landmarks */ = {
			isa = PBXGroup;
			children = (
				531C5A8F28316E2200CBA285 /* LandmarkRow.swift */,
				531C5A932831701B00CBA285 /* LandmarkList.swift */,
				531C5A95283171C200CBA285 /* LandmarkDetail.swift */,
			);
			path = Landmarks;
			sourceTree = "<group>";
		};
		53DDEA6128319B60001084A5 /* Helpers */ = {
			isa = PBXGroup;
			children = (
				531C5A8228315F5800CBA285 /* CircleImage.swift */,
				531C5A842831611800CBA285 /* MapView.swift */,
				53DDEA5E28319A2F001084A5 /* FavoriteButton.swift */,
			);
			path = Helpers;
			sourceTree = "<group>";
		};
/* End PBXGroup section */

/* Begin PBXNativeTarget section */
		53D71FC72831480C00C0ACE9 /* Landmarks */ = {
			isa = PBXNativeTarget;
			buildConfigurationList = 53D71FD62831481000C0ACE9 /* Build configuration list for PBXNativeTarget "Landmarks" */;
			buildPhases = (
				53D71FC42831480C00C0ACE9 /* Sources */,
				53D71FC52831480C00C0ACE9 /* Frameworks */,
				53D71FC62831480C00C0ACE9 /* Resources */,
			);
			buildRules = (
			);
			dependencies = (
			);
			name = Landmarks;
			productName = Landmarks;
			productReference = 53D71FC82831480C00C0ACE9 /* Landmarks.app */;
			productType = "com.apple.product-type.application";
		};
/* End PBXNativeTarget section */

/* Begin PBXProject section */
		53D71FC02831480C00C0ACE9 /* Project object */ = {
			isa = PBXProject;
			attributes = {
				BuildIndependentTargetsInParallel = 1;
				LastSwiftUpdateCheck = 1330;
				LastUpgradeCheck = 1330;
				TargetAttributes = {
					53D71FC72831480C00C0ACE9 = {
						CreatedOnToolsVersion = 13.3.1;
					};
				};
			};
			buildConfigurationList = 53D71FC32831480C00C0ACE9 /* Build configuration list for PBXProject "Landmarks" */;
			compatibilityVersion = "Xcode 13.0";
			developmentRegion = en;
			hasScannedForEncodings = 0;
			knownRegions = (
				en,
				Base,
			);
			mainGroup = 53D71FBF2831480C00C0ACE9;
			productRefGroup = 53D71FC92831480C00C0ACE9 /* Products */;
			projectDirPath = "";
			projectRoot = "";
			targets = (
				53D71FC72831480C00C0ACE9 /* Landmarks */,
			);
		};
/* End PBXProject section */

/* Begin PBXResourcesBuildPhase section */
		53D71FC62831480C00C0ACE9 /* Resources */ = {
			isa = PBXResourcesBuildPhase;
			buildActionMask = 2147483647;
			files = (
				532867D4283313DF00812D4E /* hikeData.json in Resources */,
				53D71FD32831481000C0ACE9 /* Preview Assets.xcassets in Resources */,
				53D71FD02831481000C0ACE9 /* Assets.xcassets in Resources */,
				531C5A87283167DE00CBA285 /* landmarkData.json in Resources */,
			);
			runOnlyForDeploymentPostprocessing = 0;
		};
/* End PBXResourcesBuildPhase section */

/* Begin PBXSourcesBuildPhase section */
		53D71FC42831480C00C0ACE9 /* Sources */ = {
			isa = PBXSourcesBuildPhase;
			buildActionMask = 2147483647;
			files = (
				53D71FCE2831480C00C0ACE9 /* ContentView.swift in Sources */,
				531C5A852831611800CBA285 /* MapView.swift in Sources */,
				532867ED28346B1C00812D4E /* ProfileSummary.swift in Sources */,
				53D71FCC2831480C00C0ACE9 /* LandmarksApp.swift in Sources */,
				532867EA28346A9A00812D4E /* ProfileHost.swift in Sources */,
				532867F628346D5F00812D4E /* BadgeSymbol.swift in Sources */,
				53DDEA5F28319A2F001084A5 /* FavoriteButton.swift in Sources */,
				532867E628331DE200812D4E /* CategoryItem.swift in Sources */,
				532867E128331A5600812D4E /* CategoryHome.swift in Sources */,
				532867D62833141200812D4E /* Hike.swift in Sources */,
				531C5A942831701B00CBA285 /* LandmarkList.swift in Sources */,
				532867F828346D5F00812D4E /* Badge.swift in Sources */,
				531C5A96283171C200CBA285 /* LandmarkDetail.swift in Sources */,
				532867E428331C4700812D4E /* CategoryRow.swift in Sources */,
				531C5A8328315F5800CBA285 /* CircleImage.swift in Sources */,
				532867F428346D5F00812D4E /* RotatedBadgeSymbol.swift in Sources */,
				532867DD283314E300812D4E /* HikeGraph.swift in Sources */,
				532867DC283314E300812D4E /* GraphCapsule.swift in Sources */,
				531C5A892831681400CBA285 /* Landmark.swift in Sources */,
				532867F728346D5F00812D4E /* BadgeBackground.swift in Sources */,
				532867DE283314E300812D4E /* HikeDetail.swift in Sources */,
				531C5A9028316E2200CBA285 /* LandmarkRow.swift in Sources */,
				532867FA28346D9600812D4E /* HikeBadge.swift in Sources */,
				532867E828346A0500812D4E /* Profile.swift in Sources */,
				532867DF283314E300812D4E /* HikeView.swift in Sources */,
				532867F528346D5F00812D4E /* HexagonParameters.swift in Sources */,
				531C5A8B28316AC200CBA285 /* ModelData.swift in Sources */,
			);
			runOnlyForDeploymentPostprocessing = 0;
		};
/* End PBXSourcesBuildPhase section */

/* Begin XCBuildConfiguration section */
		53D71FD42831481000C0ACE9 /* Debug */ = {
			isa = XCBuildConfiguration;
			buildSettings = {
				ALWAYS_SEARCH_USER_PATHS = NO;
				CLANG_ANALYZER_NONNULL = YES;
				CLANG_ANALYZER_NUMBER_OBJECT_CONVERSION = YES_AGGRESSIVE;
				CLANG_CXX_LANGUAGE_STANDARD = "gnu++17";
				CLANG_ENABLE_MODULES = YES;
				CLANG_ENABLE_OBJC_ARC = YES;
				CLANG_ENABLE_OBJC_WEAK = YES;
				CLANG_WARN_BLOCK_CAPTURE_AUTORELEASING = YES;
				CLANG_WARN_BOOL_CONVERSION = YES;
				CLANG_WARN_COMMA = YES;
				CLANG_WARN_CONSTANT_CONVERSION = YES;
				CLANG_WARN_DEPRECATED_OBJC_IMPLEMENTATIONS = YES;
				CLANG_WARN_DIRECT_OBJC_ISA_USAGE = YES_ERROR;
				CLANG_WARN_DOCUMENTATION_COMMENTS = YES;
				CLANG_WARN_EMPTY_BODY = YES;
				CLANG_WARN_ENUM_CONVERSION = YES;
				CLANG_WARN_INFINITE_RECURSION = YES;
				CLANG_WARN_INT_CONVERSION = YES;
				CLANG_WARN_NON_LITERAL_NULL_CONVERSION = YES;
				CLANG_WARN_OBJC_IMPLICIT_RETAIN_SELF = YES;
				CLANG_WARN_OBJC_LITERAL_CONVERSION = YES;
				CLANG_WARN_OBJC_ROOT_CLASS = YES_ERROR;
				CLANG_WARN_QUOTED_INCLUDE_IN_FRAMEWORK_HEADER = YES;
				CLANG_WARN_RANGE_LOOP_ANALYSIS = YES;
				CLANG_WARN_STRICT_PROTOTYPES = YES;
				CLANG_WARN_SUSPICIOUS_MOVE = YES;
				CLANG_WARN_UNGUARDED_AVAILABILITY = YES_AGGRESSIVE;
				CLANG_WARN_UNREACHABLE_CODE = YES;
				CLANG_WARN__DUPLICATE_METHOD_MATCH = YES;
				COPY_PHASE_STRIP = NO;
				DEBUG_INFORMATION_FORMAT = dwarf;
				ENABLE_STRICT_OBJC_MSGSEND = YES;
				ENABLE_TESTABILITY = YES;
				GCC_C_LANGUAGE_STANDARD = gnu11;
				GCC_DYNAMIC_NO_PIC = NO;
				GCC_NO_COMMON_BLOCKS = YES;
				GCC_OPTIMIZATION_LEVEL = 0;
				GCC_PREPROCESSOR_DEFINITIONS = (
					"DEBUG=1",
					"$(inherited)",
				);
				GCC_WARN_64_TO_32_BIT_CONVERSION = YES;
				GCC_WARN_ABOUT_RETURN_TYPE = YES_ERROR;
				GCC_WARN_UNDECLARED_SELECTOR = YES;
				GCC_WARN_UNINITIALIZED_AUTOS = YES_AGGRESSIVE;
				GCC_WARN_UNUSED_FUNCTION = YES;
				GCC_WARN_UNUSED_VARIABLE = YES;
				IPHONEOS_DEPLOYMENT_TARGET = 15.4;
				MTL_ENABLE_DEBUG_INFO = INCLUDE_SOURCE;
				MTL_FAST_MATH = YES;
				ONLY_ACTIVE_ARCH = YES;
				SDKROOT = iphoneos;
				SWIFT_ACTIVE_COMPILATION_CONDITIONS = DEBUG;
				SWIFT_OPTIMIZATION_LEVEL = "-Onone";
			};
			name = Debug;
		};
		53D71FD52831481000C0ACE9 /* Release */ = {
			isa = XCBuildConfiguration;
			buildSettings = {
				ALWAYS_SEARCH_USER_PATHS = NO;
				CLANG_ANALYZER_NONNULL = YES;
				CLANG_ANALYZER_NUMBER_OBJECT_CONVERSION = YES_AGGRESSIVE;
				CLANG_CXX_LANGUAGE_STANDARD = "gnu++17";
				CLANG_ENABLE_MODULES = YES;
				CLANG_ENABLE_OBJC_ARC = YES;
				CLANG_ENABLE_OBJC_WEAK = YES;
				CLANG_WARN_BLOCK_CAPTURE_AUTORELEASING = YES;
				CLANG_WARN_BOOL_CONVERSION = YES;
				CLANG_WARN_COMMA = YES;
				CLANG_WARN_CONSTANT_CONVERSION = YES;
				CLANG_WARN_DEPRECATED_OBJC_IMPLEMENTATIONS = YES;
				CLANG_WARN_DIRECT_OBJC_ISA_USAGE = YES_ERROR;
				CLANG_WARN_DOCUMENTATION_COMMENTS = YES;
				CLANG_WARN_EMPTY_BODY = YES;
				CLANG_WARN_ENUM_CONVERSION = YES;
				CLANG_WARN_INFINITE_RECURSION = YES;
				CLANG_WARN_INT_CONVERSION = YES;
				CLANG_WARN_NON_LITERAL_NULL_CONVERSION = YES;
				CLANG_WARN_OBJC_IMPLICIT_RETAIN_SELF = YES;
				CLANG_WARN_OBJC_LITERAL_CONVERSION = YES;
				CLANG_WARN_OBJC_ROOT_CLASS = YES_ERROR;
				CLANG_WARN_QUOTED_INCLUDE_IN_FRAMEWORK_HEADER = YES;
				CLANG_WARN_RANGE_LOOP_ANALYSIS = YES;
				CLANG_WARN_STRICT_PROTOTYPES = YES;
				CLANG_WARN_SUSPICIOUS_MOVE = YES;
				CLANG_WARN_UNGUARDED_AVAILABILITY = YES_AGGRESSIVE;
				CLANG_WARN_UNREACHABLE_CODE = YES;
				CLANG_WARN__DUPLICATE_METHOD_MATCH = YES;
				COPY_PHASE_STRIP = NO;
				DEBUG_INFORMATION_FORMAT = "dwarf-with-dsym";
				ENABLE_NS_ASSERTIONS = NO;
				ENABLE_STRICT_OBJC_MSGSEND = YES;
				GCC_C_LANGUAGE_STANDARD = gnu11;
				GCC_NO_COMMON_BLOCKS = YES;
				GCC_WARN_64_TO_32_BIT_CONVERSION = YES;
				GCC_WARN_ABOUT_RETURN_TYPE = YES_ERROR;
				GCC_WARN_UNDECLARED_SELECTOR = YES;
				GCC_WARN_UNINITIALIZED_AUTOS = YES_AGGRESSIVE;
				GCC_WARN_UNUSED_FUNCTION = YES;
				GCC_WARN_UNUSED_VARIABLE = YES;
				IPHONEOS_DEPLOYMENT_TARGET = 15.4;
				MTL_ENABLE_DEBUG_INFO = NO;
				MTL_FAST_MATH = YES;
				SDKROOT = iphoneos;
				SWIFT_COMPILATION_MODE = wholemodule;
				SWIFT_OPTIMIZATION_LEVEL = "-O";
				VALIDATE_PRODUCT = YES;
			};
			name = Release;
		};
		53D71FD72831481000C0ACE9 /* Debug */ = {
			isa = XCBuildConfiguration;
			buildSettings = {
				ASSETCATALOG_COMPILER_APPICON_NAME = AppIcon;
				ASSETCATALOG_COMPILER_GLOBAL_ACCENT_COLOR_NAME = AccentColor;
				CODE_SIGN_STYLE = Automatic;
				CURRENT_PROJECT_VERSION = 1;
				DEVELOPMENT_ASSET_PATHS = "\"Landmarks/Preview Content\"";
				DEVELOPMENT_TEAM = D4X57426N4;
				ENABLE_PREVIEWS = YES;
				GENERATE_INFOPLIST_FILE = YES;
				INFOPLIST_KEY_UIApplicationSceneManifest_Generation = YES;
				INFOPLIST_KEY_UIApplicationSupportsIndirectInputEvents = YES;
				INFOPLIST_KEY_UILaunchScreen_Generation = YES;
				INFOPLIST_KEY_UISupportedInterfaceOrientations_iPad = "UIInterfaceOrientationPortrait UIInterfaceOrientationPortraitUpsideDown UIInterfaceOrientationLandscapeLeft UIInterfaceOrientationLandscapeRight";
				INFOPLIST_KEY_UISupportedInterfaceOrientations_iPhone = "UIInterfaceOrientationPortrait UIInterfaceOrientationLandscapeLeft UIInterfaceOrientationLandscapeRight";
				LD_RUNPATH_SEARCH_PATHS = (
					"$(inherited)",
					"@executable_path/Frameworks",
				);
				MARKETING_VERSION = 1.0;
				PRODUCT_BUNDLE_IDENTIFIER = com.venkatsiva.Landmarks;
				PRODUCT_NAME = "$(TARGET_NAME)";
				SWIFT_EMIT_LOC_STRINGS = YES;
				SWIFT_VERSION = 5.0;
				TARGETED_DEVICE_FAMILY = "1,2";
			};
			name = Debug;
		};
		53D71FD82831481000C0ACE9 /* Release */ = {
			isa = XCBuildConfiguration;
			buildSettings = {
				ASSETCATALOG_COMPILER_APPICON_NAME = AppIcon;
				ASSETCATALOG_COMPILER_GLOBAL_ACCENT_COLOR_NAME = AccentColor;
				CODE_SIGN_STYLE = Automatic;
				CURRENT_PROJECT_VERSION = 1;
				DEVELOPMENT_ASSET_PATHS = "\"Landmarks/Preview Content\"";
				DEVELOPMENT_TEAM = D4X57426N4;
				ENABLE_PREVIEWS = YES;
				GENERATE_INFOPLIST_FILE = YES;
				INFOPLIST_KEY_UIApplicationSceneManifest_Generation = YES;
				INFOPLIST_KEY_UIApplicationSupportsIndirectInputEvents = YES;
				INFOPLIST_KEY_UILaunchScreen_Generation = YES;
				INFOPLIST_KEY_UISupportedInterfaceOrientations_iPad = "UIInterfaceOrientationPortrait UIInterfaceOrientationPortraitUpsideDown UIInterfaceOrientationLandscapeLeft UIInterfaceOrientationLandscapeRight";
				INFOPLIST_KEY_UISupportedInterfaceOrientations_iPhone = "UIInterfaceOrientationPortrait UIInterfaceOrientationLandscapeLeft UIInterfaceOrientationLandscapeRight";
				LD_RUNPATH_SEARCH_PATHS = (
					"$(inherited)",
					"@executable_path/Frameworks",
				);
				MARKETING_VERSION = 1.0;
				PRODUCT_BUNDLE_IDENTIFIER = com.venkatsiva.Landmarks;
				PRODUCT_NAME = "$(TARGET_NAME)";
				SWIFT_EMIT_LOC_STRINGS = YES;
				SWIFT_VERSION = 5.0;
				TARGETED_DEVICE_FAMILY = "1,2";
			};
			name = Release;
		};
/* End XCBuildConfiguration section */

/* Begin XCConfigurationList section */
		53D71FC32831480C00C0ACE9 /* Build configuration list for PBXProject "Landmarks" */ = {
			isa = XCConfigurationList;
			buildConfigurations = (
				53D71FD42831481000C0ACE9 /* Debug */,
				53D71FD52831481000C0ACE9 /* Release */,
			);
			defaultConfigurationIsVisible = 0;
			defaultConfigurationName = Release;
		};
		53D71FD62831481000C0ACE9 /* Build configuration list for PBXNativeTarget "Landmarks" */ = {
			isa = XCConfigurationList;
			buildConfigurations = (
				53D71FD72831481000C0ACE9 /* Debug */,
				53D71FD82831481000C0ACE9 /* Release */,
			);
			defaultConfigurationIsVisible = 0;
			defaultConfigurationName = Release;
		};
/* End XCConfigurationList section */
	};
	rootObject = 53D71FC02831480C00C0ACE9 /* Project object */;
}
